
Microsoft Visual Studio Solution File, Format Version 12.00
# Visual Studio 15
VisualStudioVersion = 15.0.28307.168
MinimumVisualStudioVersion = 10.0.40219.1
Project("{8BC9CEB8-8B4A-11D0-8D11-00A0C91BC942}") = "MyLinker", "MyLinker\MyLinker.vcxproj", "{98FF5D10-4E0F-4F1E-84F4-59A29EB6F323}"
EndProject
Global
	GlobalSection(SolutionConfigurationPlatforms) = preSolution
		Debug|x64 = Debug|x64
		Debug|x86 = Debug|x86
		Release|x64 = Release|x64
		Release|x86 = Release|x86
	EndGlobalSection
	GlobalSection(ProjectConfigurationPlatforms) = postSolution
		{98FF5D10-4E0F-4F1E-84F4-59A29EB6F323}.Debug|x64.ActiveCfg = Debug|x64
		{98FF5D10-4E0F-4F1E-84F4-59A29EB6F323}.Debug|x64.Build.0 = Debug|x64
		{98FF5D10-4E0F-4F1E-84F4-59A29EB6F323}.Debug|x86.ActiveCfg = Debug|Win32
		{98FF5D10-4E0F-4F1E-84F4-59A29EB6F323}.Debug|x86.Build.0 = Debug|Win32
		{98FF5D10-4E0F-4F1E-84F4-59A29EB6F323}.Release|x64.ActiveCfg = Release|x64
		{98FF5D10-4E0F-4F1E-84F4-59A29EB6F323}.Release|x64.Build.0 = Release|x64
		{98FF5D10-4E0F-4F1E-84F4-59A29EB6F323}.Release|x86.ActiveCfg = Release|Win32
		{98FF5D10-4E0F-4F1E-84F4-59A29EB6F323}.Release|x86.Build.0 = Release|Win32
	EndGlobalSection
	GlobalSection(SolutionProperties) = preSolution
		HideSolutionNode = FALSE
	EndGlobalSection
	GlobalSection(ExtensibilityGlobals) = postSolution
		SolutionGuid = {45469CF9-9F9D-4381-90DA-DEDFE146D359}
	EndGlobalSection
EndGlobal
